
Microsoft Visual Studio Solution File, Format Version 12.00
# Visual Studio Version 16
VisualStudioVersion = 16.0.31515.178
MinimumVisualStudioVersion = 10.0.40219.1
Project("{FAE04EC0-301F-11D3-BF4B-00C04F79EFBC}") = "VendasMvc", "VendasMvc\VendasMvc.csproj", "{3ABD43F2-B9D0-476A-8371-3A23B3C8217D}"
EndProject
Global
	GlobalSection(SolutionConfigurationPlatforms) = preSolution
		Debug|Any CPU = Debug|Any CPU
		Release|Any CPU = Release|Any CPU
	EndGlobalSection
	GlobalSection(ProjectConfigurationPlatforms) = postSolution
		{3ABD43F2-B9D0-476A-8371-3A23B3C8217D}.Debug|Any CPU.ActiveCfg = Debug|Any CPU
		{3ABD43F2-B9D0-476A-8371-3A23B3C8217D}.Debug|Any CPU.Build.0 = Debug|Any CPU
		{3ABD43F2-B9D0-476A-8371-3A23B3C8217D}.Release|Any CPU.ActiveCfg = Release|Any CPU
		{3ABD43F2-B9D0-476A-8371-3A23B3C8217D}.Release|Any CPU.Build.0 = Release|Any CPU
	EndGlobalSection
	GlobalSection(SolutionProperties) = preSolution
		HideSolutionNode = FALSE
	EndGlobalSection
	GlobalSection(ExtensibilityGlobals) = postSolution
		SolutionGuid = {784FAE63-C796-451A-96F1-EBDCCB9D36ED}
	EndGlobalSection
EndGlobal
